
Microsoft Visual Studio Solution File, Format Version 12.00
# Visual Studio Version 16
VisualStudioVersion = 16.0.29709.97
MinimumVisualStudioVersion = 10.0.40219.1
Project("{9A19103F-16F7-4668-BE54-9A1E7A4F7556}") = "BaseStationInstaller", "BaseStationInstaller\BaseStationInstaller.csproj", "{33BFE4A0-2FEC-44C4-8261-A03F0A82F7A9}"
EndProject
Global
	GlobalSection(SolutionConfigurationPlatforms) = preSolution
		Debug|Any CPU = Debug|Any CPU
		Release|Any CPU = Release|Any CPU
	EndGlobalSection
	GlobalSection(ProjectConfigurationPlatforms) = postSolution
		{33BFE4A0-2FEC-44C4-8261-A03F0A82F7A9}.Debug|Any CPU.ActiveCfg = Debug|Any CPU
		{33BFE4A0-2FEC-44C4-8261-A03F0A82F7A9}.Debug|Any CPU.Build.0 = Debug|Any CPU
		{33BFE4A0-2FEC-44C4-8261-A03F0A82F7A9}.Release|Any CPU.ActiveCfg = Release|Any CPU
		{33BFE4A0-2FEC-44C4-8261-A03F0A82F7A9}.Release|Any CPU.Build.0 = Release|Any CPU
	EndGlobalSection
	GlobalSection(SolutionProperties) = preSolution
		HideSolutionNode = FALSE
	EndGlobalSection
	GlobalSection(ExtensibilityGlobals) = postSolution
		SolutionGuid = {7099634C-FAAF-46DF-BAF7-3658612B4DB1}
	EndGlobalSection
EndGlobal
