
Microsoft Visual Studio Solution File, Format Version 12.00
# Visual Studio Version 16
VisualStudioVersion = 16.0.29709.97
MinimumVisualStudioVersion = 10.0.40219.1
Project("{FAE04EC0-301F-11D3-BF4B-00C04F79EFBC}") = "BaseStationInstaller", "BaseStationInstaller.csproj", "{F9CF1A9E-E365-4FE4-A565-8CAE37355083}"
EndProject
Global
	GlobalSection(SolutionConfigurationPlatforms) = preSolution
		Debug|Any CPU = Debug|Any CPU
		Release|Any CPU = Release|Any CPU
	EndGlobalSection
	GlobalSection(ProjectConfigurationPlatforms) = postSolution
		{F9CF1A9E-E365-4FE4-A565-8CAE37355083}.Debug|Any CPU.ActiveCfg = Debug|Any CPU
		{F9CF1A9E-E365-4FE4-A565-8CAE37355083}.Debug|Any CPU.Build.0 = Debug|Any CPU
		{F9CF1A9E-E365-4FE4-A565-8CAE37355083}.Release|Any CPU.ActiveCfg = Release|Any CPU
		{F9CF1A9E-E365-4FE4-A565-8CAE37355083}.Release|Any CPU.Build.0 = Release|Any CPU
	EndGlobalSection
	GlobalSection(SolutionProperties) = preSolution
		HideSolutionNode = FALSE
	EndGlobalSection
	GlobalSection(ExtensibilityGlobals) = postSolution
		SolutionGuid = {7099634C-FAAF-46DF-BAF7-3658612B4DB1}
	EndGlobalSection
EndGlobal
